
Microsoft Visual Studio Solution File, Format Version 12.00
# Visual Studio Version 17
VisualStudioVersion = 17.5.33516.290
MinimumVisualStudioVersion = 10.0.40219.1
Project("{FAE04EC0-301F-11D3-BF4B-00C04F79EFBC}") = "Aisys", "Aisys.csproj", "{72B43919-AED6-4A8C-AAF2-67C1F4B0B881}"
EndProject
Global
	GlobalSection(SolutionConfigurationPlatforms) = preSolution
		Debug|Any CPU = Debug|Any CPU
		Release|Any CPU = Release|Any CPU
	EndGlobalSection
	GlobalSection(ProjectConfigurationPlatforms) = postSolution
		{72B43919-AED6-4A8C-AAF2-67C1F4B0B881}.Debug|Any CPU.ActiveCfg = Debug|Any CPU
		{72B43919-AED6-4A8C-AAF2-67C1F4B0B881}.Debug|Any CPU.Build.0 = Debug|Any CPU
		{72B43919-AED6-4A8C-AAF2-67C1F4B0B881}.Release|Any CPU.ActiveCfg = Release|Any CPU
		{72B43919-AED6-4A8C-AAF2-67C1F4B0B881}.Release|Any CPU.Build.0 = Release|Any CPU
	EndGlobalSection
	GlobalSection(SolutionProperties) = preSolution
		HideSolutionNode = FALSE
	EndGlobalSection
	GlobalSection(ExtensibilityGlobals) = postSolution
		SolutionGuid = {E683C23E-ACAD-46DA-AA13-49E96E8AE1E7}
	EndGlobalSection
EndGlobal
